{
  "name": "fray",
  "version": "0.0.0",
  "lockfileVersion": 3,
  "requires": true,
  "packages": {
    "": {
      "name": "fray",
      "version": "0.0.0",
      "devDependencies": {
        "fallow": "^2.104.0"
      }
    },
    "node_modules/@fallow-cli/darwin-arm64": {
      "version": "2.104.0",
      "resolved": "https://registry.npmjs.org/@fallow-cli/darwin-arm64/-/darwin-arm64-2.104.0.tgz",
      "integrity": "sha512-5kKt3JuoYVz5/9PpHdu8u41vOZ6CzIu+5SqNBR8MktGLVMBSERm85+NN63XqgbZrVwIC/5uiP8eHQ0RYw0qhHg==",
      "cpu": [
        "arm64"
      ],
      "dev": true,
      "license": "MIT",
      "optional": true,
      "os": [
        "darwin"
      ]
    },
    "node_modules/@fallow-cli/darwin-x64": {
      "version": "2.104.0",
      "resolved": "https://registry.npmjs.org/@fallow-cli/darwin-x64/-/darwin-x64-2.104.0.tgz",
      "integrity": "sha512-BEwwYccutb8RxyAm3uE8vwCJ3JSLYYeREj3fpLPFFCjh9eXBBo3Q1Mu5pxBjjUeehfbR6r/FLJb9JV28bCia9g==",
      "cpu": [
        "x64"
      ],
      "dev": true,
      "license": "MIT",
      "optional": true,
      "os": [
        "darwin"
      ]
    },
    "node_modules/@fallow-cli/linux-arm64-gnu": {
      "version": "2.104.0",
      "resolved": "https://registry.npmjs.org/@fallow-cli/linux-arm64-gnu/-/linux-arm64-gnu-2.104.0.tgz",
      "integrity": "sha512-IyIkmwxm0AfVKXfHYuSBO6Fzt6fgZsRE0arbtObeDlKSv7zZMzqHZPpbSGZxPEmVODBMScdSxxaFSli9xFHBTA==",
      "cpu": [
        "arm64"
      ],
      "dev": true,
      "license": "MIT",
      "optional": true,
      "os": [
        "linux"
      ]
    },
    "node_modules/@fallow-cli/linux-arm64-musl": {
      "version": "2.104.0",
      "resolved": "https://registry.npmjs.org/@fallow-cli/linux-arm64-musl/-/linux-arm64-musl-2.104.0.tgz",
      "integrity": "sha512-YskAeLCUUPnbwqtMC452ksI+miw6hN4K6peTFRJ0j2gSpkTriJfUgkudFB1+JX2/YqV41yDAqe5XeDYhuXxjOA==",
      "cpu": [
        "arm64"
      ],
      "dev": true,
      "license": "MIT",
      "optional": true,
      "os": [
        "linux"
      ]
    },
    "node_modules/@fallow-cli/linux-x64-gnu": {
      "version": "2.104.0",
      "resolved": "https://registry.npmjs.org/@fallow-cli/linux-x64-gnu/-/linux-x64-gnu-2.104.0.tgz",
      "integrity": "sha512-v3Um0fXwTPg7kGRD1hKeS36A7P/3J7h3TiQ2KAzE8ThKkDViHYjKGEkajtGGSIj/Tv+GVnJBOvJ7i752/6iSBA==",
      "cpu": [
        "x64"
      ],
      "dev": true,
      "license": "MIT",
      "optional": true,
      "os": [
        "linux"
      ]
    },
    "node_modules/@fallow-cli/linux-x64-musl": {
      "version": "2.104.0",
      "resolved": "https://registry.npmjs.org/@fallow-cli/linux-x64-musl/-/linux-x64-musl-2.104.0.tgz",
      "integrity": "sha512-wMVyeSp5uHvzVUgNHk6xuTCisVOAUv8FTC6z1swANdLQlQgd4Trnu8GYwhJhO7cU9RuL85yn1XksCs6+PkRM8A==",
      "cpu": [
        "x64"
      ],
      "dev": true,
      "license": "MIT",
      "optional": true,
      "os": [
        "linux"
      ]
    },
    "node_modules/@fallow-cli/win32-arm64-msvc": {
      "version": "2.104.0",
      "resolved": "https://registry.npmjs.org/@fallow-cli/win32-arm64-msvc/-/win32-arm64-msvc-2.104.0.tgz",
      "integrity": "sha512-qDRn7zoRKVAHVz+BqKUnUPa8H4gD/g26Fs/hqH9futbthecgjXmPyRJwycE8HTQBNlVwck5d5w36a+PEPsCYaQ==",
      "cpu": [
        "arm64"
      ],
      "dev": true,
      "license": "MIT",
      "optional": true,
      "os": [
        "win32"
      ]
    },
    "node_modules/@fallow-cli/win32-x64-msvc": {
      "version": "2.104.0",
      "resolved": "https://registry.npmjs.org/@fallow-cli/win32-x64-msvc/-/win32-x64-msvc-2.104.0.tgz",
      "integrity": "sha512-irER9HuZ9DXunl4H9RNsWQ9AvGmHs/Zp1+Yr2ATmgSNumERPXvgXa2IiGtCvKFqI72639TlhUj8+2WqIXZ54WQ==",
      "cpu": [
        "x64"
      ],
      "dev": true,
      "license": "MIT",
      "optional": true,
      "os": [
        "win32"
      ]
    },
    "node_modules/detect-libc": {
      "version": "2.1.2",
      "resolved": "https://registry.npmjs.org/detect-libc/-/detect-libc-2.1.2.tgz",
      "integrity": "sha512-Btj2BOOO83o3WyH59e8MgXsxEQVcarkUOpEYrubB0urwnN10yQ364rsiByU11nZlqWYZm05i/of7io4mzihBtQ==",
      "dev": true,
      "license": "Apache-2.0",
      "engines": {
        "node": ">=8"
      }
    },
    "node_modules/fallow": {
      "version": "2.104.0",
      "resolved": "https://registry.npmjs.org/fallow/-/fallow-2.104.0.tgz",
      "integrity": "sha512-UX6Q10Feyb7epe5tTI0sHCHPReOhuKOtxdVpkbqr1lLSZirv2PJiLTTrJr7gKeLHbztE9CHR1y7YARSe0rNYag==",
      "dev": true,
      "license": "MIT",
      "dependencies": {
        "detect-libc": "2.1.2"
      },
      "bin": {
        "fallow": "bin/fallow",
        "fallow-lsp": "bin/fallow-lsp",
        "fallow-mcp": "bin/fallow-mcp"
      },
      "engines": {
        "node": ">=16"
      },
      "optionalDependencies": {
        "@fallow-cli/darwin-arm64": "2.104.0",
        "@fallow-cli/darwin-x64": "2.104.0",
        "@fallow-cli/linux-arm64-gnu": "2.104.0",
        "@fallow-cli/linux-arm64-musl": "2.104.0",
        "@fallow-cli/linux-x64-gnu": "2.104.0",
        "@fallow-cli/linux-x64-musl": "2.104.0",
        "@fallow-cli/win32-arm64-msvc": "2.104.0",
        "@fallow-cli/win32-x64-msvc": "2.104.0"
      }
    }
  }
}
